
Microsoft Visual Studio Solution File, Format Version 12.00
# Visual Studio Version 17
VisualStudioVersion = 17.8.34525.116
MinimumVisualStudioVersion = 10.0.40219.1
Project("{FAE04EC0-301F-11D3-BF4B-00C04F79EFBC}") = "clase 5", "clase 5\clase 5.csproj", "{DF94677A-B391-4656-BDB5-7B3ADC4F2E63}"
EndProject
Global
	GlobalSection(SolutionConfigurationPlatforms) = preSolution
		Debug|Any CPU = Debug|Any CPU
		Release|Any CPU = Release|Any CPU
	EndGlobalSection
	GlobalSection(ProjectConfigurationPlatforms) = postSolution
		{DF94677A-B391-4656-BDB5-7B3ADC4F2E63}.Debug|Any CPU.ActiveCfg = Debug|Any CPU
		{DF94677A-B391-4656-BDB5-7B3ADC4F2E63}.Debug|Any CPU.Build.0 = Debug|Any CPU
		{DF94677A-B391-4656-BDB5-7B3ADC4F2E63}.Release|Any CPU.ActiveCfg = Release|Any CPU
		{DF94677A-B391-4656-BDB5-7B3ADC4F2E63}.Release|Any CPU.Build.0 = Release|Any CPU
	EndGlobalSection
	GlobalSection(SolutionProperties) = preSolution
		HideSolutionNode = FALSE
	EndGlobalSection
	GlobalSection(ExtensibilityGlobals) = postSolution
		SolutionGuid = {73FCA8AF-0826-4FD0-B724-08B27CE06B68}
	EndGlobalSection
EndGlobal
